
Microsoft Visual Studio Solution File, Format Version 12.00
Project("{FAE04EC0-301F-11D3-BF4B-00C04F79EFBC}") = "Task09.06", "Task09.06\Task09.06.csproj", "{55C9BECB-2250-4AB6-A67B-8BA55EF0244A}"
EndProject
Global
	GlobalSection(SolutionConfigurationPlatforms) = preSolution
		Debug|Any CPU = Debug|Any CPU
		Release|Any CPU = Release|Any CPU
	EndGlobalSection
	GlobalSection(ProjectConfigurationPlatforms) = postSolution
		{55C9BECB-2250-4AB6-A67B-8BA55EF0244A}.Debug|Any CPU.ActiveCfg = Debug|Any CPU
		{55C9BECB-2250-4AB6-A67B-8BA55EF0244A}.Debug|Any CPU.Build.0 = Debug|Any CPU
		{55C9BECB-2250-4AB6-A67B-8BA55EF0244A}.Release|Any CPU.ActiveCfg = Release|Any CPU
		{55C9BECB-2250-4AB6-A67B-8BA55EF0244A}.Release|Any CPU.Build.0 = Release|Any CPU
	EndGlobalSection
EndGlobal
